// !$*UTF8*$!
{ archiveVersion = 1; classes = {}; objectVersion = 77; objects = {
A00000000000000000000001 = {isa = PBXProject; attributes = {LastUpgradeCheck = 2640;}; buildConfigurationList = A00000000000000000000010; compatibilityVersion = "Xcode 16.0"; developmentRegion = en; hasScannedForEncodings = 0; knownRegions = (en, Base); mainGroup = A00000000000000000000002; productRefGroup = A00000000000000000000004; projectDirPath = ""; projectRoot = ""; targets = (A00000000000000000000005);};
A00000000000000000000002 = {isa = PBXGroup; children = (A00000000000000000000003,A00000000000000000000004); sourceTree = "<group>";};
A00000000000000000000003 = {isa = PBXFileSystemSynchronizedRootGroup; path = Drift; sourceTree = "<group>";};
A00000000000000000000004 = {isa = PBXGroup; children = (A00000000000000000000006); name = Products; sourceTree = "<group>";};
A00000000000000000000005 = {isa = PBXNativeTarget; buildConfigurationList = A00000000000000000000011; buildPhases = (A00000000000000000000007,A00000000000000000000008,A00000000000000000000009); buildRules = (); dependencies = (); fileSystemSynchronizedGroups = (A00000000000000000000003); name = Drift; productName = Drift; productReference = A00000000000000000000006; productType = "com.apple.product-type.application";};
A00000000000000000000006 = {isa = PBXFileReference; explicitFileType = wrapper.application; includeInIndex = 0; path = Drift.app; sourceTree = BUILT_PRODUCTS_DIR;};
A00000000000000000000007 = {isa = PBXSourcesBuildPhase; buildActionMask = 2147483647; files = (); runOnlyForDeploymentPostprocessing = 0;};
A00000000000000000000008 = {isa = PBXFrameworksBuildPhase; buildActionMask = 2147483647; files = (); runOnlyForDeploymentPostprocessing = 0;};
A00000000000000000000009 = {isa = PBXResourcesBuildPhase; buildActionMask = 2147483647; files = (); runOnlyForDeploymentPostprocessing = 0;};
A00000000000000000000010 = {isa = XCConfigurationList; buildConfigurations = (A00000000000000000000012,A00000000000000000000013); defaultConfigurationIsVisible = 0; defaultConfigurationName = Release;};
A00000000000000000000011 = {isa = XCConfigurationList; buildConfigurations = (A00000000000000000000014,A00000000000000000000015); defaultConfigurationIsVisible = 0; defaultConfigurationName = Release;};
A00000000000000000000012 = {isa = XCBuildConfiguration; buildSettings = {ALWAYS_SEARCH_USER_PATHS = NO; SDKROOT = iphoneos; IPHONEOS_DEPLOYMENT_TARGET = 17.0; SWIFT_VERSION = 6.0;}; name = Debug;};
A00000000000000000000013 = {isa = XCBuildConfiguration; buildSettings = {ALWAYS_SEARCH_USER_PATHS = NO; SDKROOT = iphoneos; IPHONEOS_DEPLOYMENT_TARGET = 17.0; SWIFT_VERSION = 6.0;}; name = Release;};
A00000000000000000000014 = {isa = XCBuildConfiguration; buildSettings = {CODE_SIGN_STYLE = Automatic; CURRENT_PROJECT_VERSION = 1; GENERATE_INFOPLIST_FILE = YES; INFOPLIST_KEY_CFBundleDisplayName = Drift; INFOPLIST_KEY_UILaunchScreen_Generation = YES; INFOPLIST_KEY_UIApplicationSceneManifest_Generation = YES; INFOPLIST_KEY_UISupportedInterfaceOrientations = UIInterfaceOrientationPortrait; MARKETING_VERSION = 0.1; PRODUCT_BUNDLE_IDENTIFIER = org.example.drift.demo; PRODUCT_NAME = "$(TARGET_NAME)"; TARGETED_DEVICE_FAMILY = 1; SWIFT_OPTIMIZATION_LEVEL = "-Onone"; SWIFT_ACTIVE_COMPILATION_CONDITIONS = DEBUG;}; name = Debug;};
A00000000000000000000015 = {isa = XCBuildConfiguration; buildSettings = {CODE_SIGN_STYLE = Automatic; CURRENT_PROJECT_VERSION = 1; GENERATE_INFOPLIST_FILE = YES; INFOPLIST_KEY_CFBundleDisplayName = Drift; INFOPLIST_KEY_UILaunchScreen_Generation = YES; INFOPLIST_KEY_UIApplicationSceneManifest_Generation = YES; INFOPLIST_KEY_UISupportedInterfaceOrientations = UIInterfaceOrientationPortrait; MARKETING_VERSION = 0.1; PRODUCT_BUNDLE_IDENTIFIER = org.example.drift.demo; PRODUCT_NAME = "$(TARGET_NAME)"; TARGETED_DEVICE_FAMILY = 1;}; name = Release;};
}; rootObject = A00000000000000000000001; }
